Microsoft Visual Studio Solution File, Format Version 12.00
# Visual Studio Version 17
VisualStudioVersion = 17.6.5
MinimumVisualStudioVersion = 10.0.40219.1
Project("{9A19103F-16F7-4668-BE54-9A1E7A4F7556}") = "HDGraphGUI", "HDGraphGUI\HDGraphGUI.csproj", "{99A5D2B9-4B2C-4177-A69C-02BCB163DC78}"
EndProject
Project("{9A19103F-16F7-4668-BE54-9A1E7A4F7556}") = "Win32NativeFileSystemEnumerator", "Win32NativeFileSystemEnumerator\Win32NativeFileSystemEnumerator.csproj", "{DCEF8EBC-5FEC-439C-8097-AC5BE1D26D69}"
EndProject
Project("{9A19103F-16F7-4668-BE54-9A1E7A4F7556}") = "HDGraphInterfaces", "HDGraphInterfaces\HDGraphInterfaces.csproj", "{E52451BA-30AB-44C4-A09B-EBDCC62E72F6}"
EndProject
Project("{9A19103F-16F7-4668-BE54-9A1E7A4F7556}") = "HDGraph", "HDGraph\HDGraph.csproj", "{25A61FEE-9B33-4D19-8ADF-719E0CB937B9}"
EndProject
Project("{C7167F0D-BC9F-4E6E-AFE1-012C56B48DB5}") = "HDGraph.Installer", "HDGraph.Installer\HDGraph.Installer.wapproj", "{8C0AC87C-DEA4-4924-AD79-6166B730590E}"
EndProject
Global
	GlobalSection(SolutionConfigurationPlatforms) = preSolution
		Debug|Any CPU = Debug|Any CPU
		Debug|x64 = Debug|x64
		Debug|x86 = Debug|x86
		Release|Any CPU = Release|Any CPU
		Release|x64 = Release|x64
		Release|x86 = Release|x86
	EndGlobalSection
	GlobalSection(ProjectConfigurationPlatforms) = postSolution
		{99A5D2B9-4B2C-4177-A69C-02BCB163DC78}.Debug|Any CPU.ActiveCfg = Debug|Any CPU
		{99A5D2B9-4B2C-4177-A69C-02BCB163DC78}.Debug|Any CPU.Build.0 = Debug|Any CPU
		{99A5D2B9-4B2C-4177-A69C-02BCB163DC78}.Debug|x64.ActiveCfg = Debug|Any CPU
		{99A5D2B9-4B2C-4177-A69C-02BCB163DC78}.Debug|x64.Build.0 = Debug|Any CPU
		{99A5D2B9-4B2C-4177-A69C-02BCB163DC78}.Debug|x86.ActiveCfg = Debug|Any CPU
		{99A5D2B9-4B2C-4177-A69C-02BCB163DC78}.Debug|x86.Build.0 = Debug|Any CPU
		{99A5D2B9-4B2C-4177-A69C-02BCB163DC78}.Release|Any CPU.ActiveCfg = Release|Any CPU
		{99A5D2B9-4B2C-4177-A69C-02BCB163DC78}.Release|Any CPU.Build.0 = Release|Any CPU
		{99A5D2B9-4B2C-4177-A69C-02BCB163DC78}.Release|x64.ActiveCfg = Release|Any CPU
		{99A5D2B9-4B2C-4177-A69C-02BCB163DC78}.Release|x64.Build.0 = Release|Any CPU
		{99A5D2B9-4B2C-4177-A69C-02BCB163DC78}.Release|x86.ActiveCfg = Release|Any CPU
		{99A5D2B9-4B2C-4177-A69C-02BCB163DC78}.Release|x86.Build.0 = Release|Any CPU
		{DCEF8EBC-5FEC-439C-8097-AC5BE1D26D69}.Debug|Any CPU.ActiveCfg = Debug|Any CPU
		{DCEF8EBC-5FEC-439C-8097-AC5BE1D26D69}.Debug|Any CPU.Build.0 = Debug|Any CPU
		{DCEF8EBC-5FEC-439C-8097-AC5BE1D26D69}.Debug|x64.ActiveCfg = Debug|Any CPU
		{DCEF8EBC-5FEC-439C-8097-AC5BE1D26D69}.Debug|x64.Build.0 = Debug|Any CPU
		{DCEF8EBC-5FEC-439C-8097-AC5BE1D26D69}.Debug|x86.ActiveCfg = Debug|Any CPU
		{DCEF8EBC-5FEC-439C-8097-AC5BE1D26D69}.Debug|x86.Build.0 = Debug|Any CPU
		{DCEF8EBC-5FEC-439C-8097-AC5BE1D26D69}.Release|Any CPU.ActiveCfg = Release|Any CPU
		{DCEF8EBC-5FEC-439C-8097-AC5BE1D26D69}.Release|Any CPU.Build.0 = Release|Any CPU
		{DCEF8EBC-5FEC-439C-8097-AC5BE1D26D69}.Release|x64.ActiveCfg = Release|Any CPU
		{DCEF8EBC-5FEC-439C-8097-AC5BE1D26D69}.Release|x64.Build.0 = Release|Any CPU
		{DCEF8EBC-5FEC-439C-8097-AC5BE1D26D69}.Release|x86.ActiveCfg = Release|Any CPU
		{DCEF8EBC-5FEC-439C-8097-AC5BE1D26D69}.Release|x86.Build.0 = Release|Any CPU
		{E52451BA-30AB-44C4-A09B-EBDCC62E72F6}.Debug|Any CPU.ActiveCfg = Debug|Any CPU
		{E52451BA-30AB-44C4-A09B-EBDCC62E72F6}.Debug|Any CPU.Build.0 = Debug|Any CPU
		{E52451BA-30AB-44C4-A09B-EBDCC62E72F6}.Debug|x64.ActiveCfg = Debug|Any CPU
		{E52451BA-30AB-44C4-A09B-EBDCC62E72F6}.Debug|x64.Build.0 = Debug|Any CPU
		{E52451BA-30AB-44C4-A09B-EBDCC62E72F6}.Debug|x86.ActiveCfg = Debug|Any CPU
		{E52451BA-30AB-44C4-A09B-EBDCC62E72F6}.Debug|x86.Build.0 = Debug|Any CPU
		{E52451BA-30AB-44C4-A09B-EBDCC62E72F6}.Release|Any CPU.ActiveCfg = Release|Any CPU
		{E52451BA-30AB-44C4-A09B-EBDCC62E72F6}.Release|Any CPU.Build.0 = Release|Any CPU
		{E52451BA-30AB-44C4-A09B-EBDCC62E72F6}.Release|x64.ActiveCfg = Release|Any CPU
		{E52451BA-30AB-44C4-A09B-EBDCC62E72F6}.Release|x64.Build.0 = Release|Any CPU
		{E52451BA-30AB-44C4-A09B-EBDCC62E72F6}.Release|x86.ActiveCfg = Release|Any CPU
		{E52451BA-30AB-44C4-A09B-EBDCC62E72F6}.Release|x86.Build.0 = Release|Any CPU
		{25A61FEE-9B33-4D19-8ADF-719E0CB937B9}.Debug|Any CPU.ActiveCfg = Debug|Any CPU
		{25A61FEE-9B33-4D19-8ADF-719E0CB937B9}.Debug|Any CPU.Build.0 = Debug|Any CPU
		{25A61FEE-9B33-4D19-8ADF-719E0CB937B9}.Debug|x64.ActiveCfg = Debug|x64
		{25A61FEE-9B33-4D19-8ADF-719E0CB937B9}.Debug|x64.Build.0 = Debug|x64
		{25A61FEE-9B33-4D19-8ADF-719E0CB937B9}.Debug|x86.ActiveCfg = Debug|x86
		{25A61FEE-9B33-4D19-8ADF-719E0CB937B9}.Debug|x86.Build.0 = Debug|x86
		{25A61FEE-9B33-4D19-8ADF-719E0CB937B9}.Release|Any CPU.ActiveCfg = Release|Any CPU
		{25A61FEE-9B33-4D19-8ADF-719E0CB937B9}.Release|Any CPU.Build.0 = Release|Any CPU
		{25A61FEE-9B33-4D19-8ADF-719E0CB937B9}.Release|x64.ActiveCfg = Release|x64
		{25A61FEE-9B33-4D19-8ADF-719E0CB937B9}.Release|x64.Build.0 = Release|x64
		{25A61FEE-9B33-4D19-8ADF-719E0CB937B9}.Release|x86.ActiveCfg = Release|x86
		{25A61FEE-9B33-4D19-8ADF-719E0CB937B9}.Release|x86.Build.0 = Release|x86
		{8C0AC87C-DEA4-4924-AD79-6166B730590E}.Debug|Any CPU.ActiveCfg = Debug|Any CPU
		{8C0AC87C-DEA4-4924-AD79-6166B730590E}.Debug|Any CPU.Build.0 = Debug|Any CPU
		{8C0AC87C-DEA4-4924-AD79-6166B730590E}.Debug|Any CPU.Deploy.0 = Debug|Any CPU
		{8C0AC87C-DEA4-4924-AD79-6166B730590E}.Debug|x64.ActiveCfg = Debug|x64
		{8C0AC87C-DEA4-4924-AD79-6166B730590E}.Debug|x64.Build.0 = Debug|x64
		{8C0AC87C-DEA4-4924-AD79-6166B730590E}.Debug|x64.Deploy.0 = Debug|x64
		{8C0AC87C-DEA4-4924-AD79-6166B730590E}.Debug|x86.ActiveCfg = Debug|x86
		{8C0AC87C-DEA4-4924-AD79-6166B730590E}.Debug|x86.Build.0 = Debug|x86
		{8C0AC87C-DEA4-4924-AD79-6166B730590E}.Debug|x86.Deploy.0 = Debug|x86
		{8C0AC87C-DEA4-4924-AD79-6166B730590E}.Release|Any CPU.ActiveCfg = Release|Any CPU
		{8C0AC87C-DEA4-4924-AD79-6166B730590E}.Release|Any CPU.Build.0 = Release|Any CPU
		{8C0AC87C-DEA4-4924-AD79-6166B730590E}.Release|Any CPU.Deploy.0 = Release|Any CPU
		{8C0AC87C-DEA4-4924-AD79-6166B730590E}.Release|x64.ActiveCfg = Release|x64
		{8C0AC87C-DEA4-4924-AD79-6166B730590E}.Release|x64.Build.0 = Release|x64
		{8C0AC87C-DEA4-4924-AD79-6166B730590E}.Release|x64.Deploy.0 = Release|x64
		{8C0AC87C-DEA4-4924-AD79-6166B730590E}.Release|x86.ActiveCfg = Release|x86
		{8C0AC87C-DEA4-4924-AD79-6166B730590E}.Release|x86.Build.0 = Release|x86
		{8C0AC87C-DEA4-4924-AD79-6166B730590E}.Release|x86.Deploy.0 = Release|x86
	EndGlobalSection
	GlobalSection(SolutionProperties) = preSolution
		HideSolutionNode = FALSE
	EndGlobalSection
	GlobalSection(ExtensibilityGlobals) = postSolution
		SolutionGuid = {08FCE819-BEE1-4418-B3F7-7BB59F3131EF}
	EndGlobalSection
EndGlobal
