
Microsoft Visual Studio Solution File, Format Version 9.00
# Visual Studio 2005
Project("{FAE04EC0-301F-11D3-BF4B-00C04F79EFBC}") = "HDGraphiqueurGUI", "HDGraphiqueurGUI\HDGraphiqueurGUI.csproj", "{99A5D2B9-4B2C-4177-A69C-02BCB163DC78}"
EndProject
Project("{54435603-DBB4-11D2-8724-00A0C9A8B90C}") = "SetupHDGraph", "HDGraphiqueurSetup\HDGraphiqueurSetup.vdproj", "{EE7BF0A8-9FBA-4CAD-8B88-469EF41B7DF1}"
EndProject
Project("{54435603-DBB4-11D2-8724-00A0C9A8B90C}") = "SetupHDGraph-FR", "SetupHDGraph-FR\SetupHDGraph-FR.vdproj", "{F8B79193-FAA4-46BC-B304-075A3B75BA19}"
EndProject
Project("{54435603-DBB4-11D2-8724-00A0C9A8B90C}") = "SetupHDGraph-Sources", "SetupHDGraph-Sources\SetupHDGraph-Sources.vdproj", "{FB6757F0-8155-44DD-A28D-3A995DAAB57A}"
EndProject
Global
	GlobalSection(SolutionConfigurationPlatforms) = preSolution
		Debug|Any CPU = Debug|Any CPU
		Release|Any CPU = Release|Any CPU
	EndGlobalSection
	GlobalSection(ProjectConfigurationPlatforms) = postSolution
		{99A5D2B9-4B2C-4177-A69C-02BCB163DC78}.Debug|Any CPU.ActiveCfg = Debug|Any CPU
		{99A5D2B9-4B2C-4177-A69C-02BCB163DC78}.Debug|Any CPU.Build.0 = Debug|Any CPU
		{99A5D2B9-4B2C-4177-A69C-02BCB163DC78}.Release|Any CPU.ActiveCfg = Release|Any CPU
		{99A5D2B9-4B2C-4177-A69C-02BCB163DC78}.Release|Any CPU.Build.0 = Release|Any CPU
		{EE7BF0A8-9FBA-4CAD-8B88-469EF41B7DF1}.Debug|Any CPU.ActiveCfg = Debug
		{EE7BF0A8-9FBA-4CAD-8B88-469EF41B7DF1}.Release|Any CPU.ActiveCfg = Release
		{F8B79193-FAA4-46BC-B304-075A3B75BA19}.Debug|Any CPU.ActiveCfg = Debug
		{F8B79193-FAA4-46BC-B304-075A3B75BA19}.Release|Any CPU.ActiveCfg = Release
		{FB6757F0-8155-44DD-A28D-3A995DAAB57A}.Debug|Any CPU.ActiveCfg = Debug
		{FB6757F0-8155-44DD-A28D-3A995DAAB57A}.Release|Any CPU.ActiveCfg = Release
	EndGlobalSection
	GlobalSection(SolutionProperties) = preSolution
		HideSolutionNode = FALSE
	EndGlobalSection
EndGlobal
